{
  "pins" : [
    {
      "identity" : "configurablekit",
      "kind" : "remoteSourceControl",
      "location" : "https://github.com/Lakr233/ConfigurableKit",
      "state" : {
        "revision" : "5d3a805d6c2a23323c118c50b6fc7bdbf36c47e3",
        "version" : "3.0.8"
      }
    },
    {
      "identity" : "swift-collections",
      "kind" : "remoteSourceControl",
      "location" : "https://github.com/apple/swift-collections",
      "state" : {
        "revision" : "7b847a3b7008b2dc2f47ca3110d8c782fb2e5c7e",
        "version" : "1.3.0"
      }
    }
  ],
  "version" : 2
}
