{
  "pins" : [
    {
      "identity" : "configurablekit",
      "kind" : "remoteSourceControl",
      "location" : "https://github.com/Lakr233/ConfigurableKit",
      "state" : {
        "revision" : "dee934a6ef86c5f39500232c6c72edd2ec025a2e",
        "version" : "1.3.1"
      }
    },
    {
      "identity" : "swift-collections",
      "kind" : "remoteSourceControl",
      "location" : "https://github.com/apple/swift-collections",
      "state" : {
        "revision" : "671108c96644956dddcd89dd59c203dcdb36cec7",
        "version" : "1.1.4"
      }
    }
  ],
  "version" : 2
}
